#MicroXplorer Configuration settings - do not modify
FSMC.AddressSetupTime1=2
FSMC.BusTurnAroundDuration1=10
FSMC.DataSetupTime1=10
FSMC.ExtendedAddressSetupTime1=1
FSMC.ExtendedBusTurnAroundDuration1=2
FSMC.ExtendedDataSetupTime1=1
FSMC.ExtendedMode1=FSMC_EXTENDED_MODE_ENABLE
FSMC.IPParameters=ExtendedMode1,DataSetupTime1,ExtendedAddressSetupTime1,ExtendedDataSetupTime1,AddressSetupTime1,ExtendedBusTurnAroundDuration1,BusTurnAroundDuration1
File.Version=6
GPIO.groupedBy=Group By Peripherals
KeepUserPlacement=false
Mcu.CPN=STM32F407ZGT6
Mcu.Family=STM32F4
Mcu.IP0=CRC
Mcu.IP1=FSMC
Mcu.IP2=NVIC
Mcu.IP3=RCC
Mcu.IP4=SYS
Mcu.IP5=TIM2
Mcu.IP6=USART1
Mcu.IPNb=7
Mcu.Name=STM32F407Z(E-G)Tx
Mcu.Package=LQFP144
Mcu.Pin0=PH0-OSC_IN
Mcu.Pin1=PH1-OSC_OUT
Mcu.Pin10=PE14
Mcu.Pin11=PE15
Mcu.Pin12=PB15
Mcu.Pin13=PD8
Mcu.Pin14=PD9
Mcu.Pin15=PD10
Mcu.Pin16=PD14
Mcu.Pin17=PD15
Mcu.Pin18=PA9
Mcu.Pin19=PA10
Mcu.Pin2=PF12
Mcu.Pin20=PA13
Mcu.Pin21=PA14
Mcu.Pin22=PD0
Mcu.Pin23=PD1
Mcu.Pin24=PD4
Mcu.Pin25=PD5
Mcu.Pin26=PG12
Mcu.Pin27=VP_CRC_VS_CRC
Mcu.Pin28=VP_SYS_VS_Systick
Mcu.Pin29=VP_TIM2_VS_ClockSourceINT
Mcu.Pin3=PE7
Mcu.Pin30=VP_STMicroelectronics.X-CUBE-AI_VS_ArtificialOoIntelligenceJjXAaCUBEAaAI_8.1.0
Mcu.Pin4=PE8
Mcu.Pin5=PE9
Mcu.Pin6=PE10
Mcu.Pin7=PE11
Mcu.Pin8=PE12
Mcu.Pin9=PE13
Mcu.PinsNb=31
Mcu.ThirdParty0=STMicroelectronics.X-CUBE-AI.8.1.0
Mcu.ThirdPartyNb=1
Mcu.UserConstants=
Mcu.UserName=STM32F407ZGTx
MxCube.Version=6.5.0
MxDb.Version=DB.6.0.50
NVIC.BusFault_IRQn=true\:0\:0\:false\:false\:true\:false\:false\:true
NVIC.DebugMonitor_IRQn=true\:0\:0\:false\:false\:true\:false\:false\:true
NVIC.ForceEnableDMAVector=true
NVIC.HardFault_IRQn=true\:0\:0\:false\:false\:true\:false\:false\:true
NVIC.MemoryManagement_IRQn=true\:0\:0\:false\:false\:true\:false\:false\:true
NVIC.NonMaskableInt_IRQn=true\:0\:0\:false\:false\:true\:false\:false\:true
NVIC.PendSV_IRQn=true\:0\:0\:false\:false\:true\:false\:false\:true
NVIC.PriorityGroup=NVIC_PRIORITYGROUP_4
NVIC.SVCall_IRQn=true\:0\:0\:false\:false\:true\:false\:false\:true
NVIC.SysTick_IRQn=true\:15\:0\:false\:false\:true\:false\:true\:true
NVIC.TIM2_IRQn=true\:0\:0\:false\:false\:true\:true\:true\:true
NVIC.UsageFault_IRQn=true\:0\:0\:false\:false\:true\:false\:false\:true
PA10.Mode=Asynchronous
PA10.Signal=USART1_RX
PA13.Mode=Serial_Wire
PA13.Signal=SYS_JTMS-SWDIO
PA14.Mode=Serial_Wire
PA14.Signal=SYS_JTCK-SWCLK
PA9.Mode=Asynchronous
PA9.Signal=USART1_TX
PB15.GPIOParameters=GPIO_Speed,GPIO_PuPd,GPIO_Label,GPIO_ModeDefaultOutputPP
PB15.GPIO_Label=LCD_BL
PB15.GPIO_ModeDefaultOutputPP=GPIO_MODE_OUTPUT_PP
PB15.GPIO_PuPd=GPIO_PULLUP
PB15.GPIO_Speed=GPIO_SPEED_FREQ_HIGH
PB15.Locked=true
PB15.Signal=GPIO_Output
PD0.Signal=FSMC_D2_DA2
PD1.Signal=FSMC_D3_DA3
PD10.Signal=FSMC_D15_DA15
PD14.Signal=FSMC_D0_DA0
PD15.Signal=FSMC_D1_DA1
PD4.Signal=FSMC_NOE
PD5.Signal=FSMC_NWE
PD8.Signal=FSMC_D13_DA13
PD9.Signal=FSMC_D14_DA14
PE10.Signal=FSMC_D7_DA7
PE11.Signal=FSMC_D8_DA8
PE12.Signal=FSMC_D9_DA9
PE13.Signal=FSMC_D10_DA10
PE14.Signal=FSMC_D11_DA11
PE15.Signal=FSMC_D12_DA12
PE7.Signal=FSMC_D4_DA4
PE8.Signal=FSMC_D5_DA5
PE9.Signal=FSMC_D6_DA6
PF12.Signal=FSMC_A6
PG12.Mode=NorPsramChipSelect4_1
PG12.Signal=FSMC_NE4
PH0-OSC_IN.Mode=HSE-External-Oscillator
PH0-OSC_IN.Signal=RCC_OSC_IN
PH1-OSC_OUT.Mode=HSE-External-Oscillator
PH1-OSC_OUT.Signal=RCC_OSC_OUT
PinOutPanel.RotationAngle=0
ProjectManager.AskForMigrate=true
ProjectManager.BackupPrevious=false
ProjectManager.CompilerOptimize=6
ProjectManager.ComputerToolchain=false
ProjectManager.CoupleFile=true
ProjectManager.CustomerFirmwarePackage=
ProjectManager.DefaultFWLocation=true
ProjectManager.DeletePrevious=true
ProjectManager.DeviceId=STM32F407ZGTx
ProjectManager.FirmwarePackage=STM32Cube FW_F4 V1.27.1
ProjectManager.FreePins=false
ProjectManager.HalAssertFull=false
ProjectManager.HeapSize=0x800
ProjectManager.KeepUserCode=true
ProjectManager.LastFirmware=true
ProjectManager.LibraryCopy=0
ProjectManager.MainLocation=Core/Src
ProjectManager.NoMain=false
ProjectManager.PreviousToolchain=
ProjectManager.ProjectBuild=false
ProjectManager.ProjectFileName=USART1.ioc
ProjectManager.ProjectName=USART1
ProjectManager.RegisterCallBack=
ProjectManager.StackSize=0x800
ProjectManager.TargetToolchain=MDK-ARM V5
ProjectManager.ToolChainLocation=
ProjectManager.UnderRoot=false
ProjectManager.functionlistsort=1-SystemClock_Config-RCC-false-HAL-false,2-MX_GPIO_Init-GPIO-false-HAL-true,3-MX_USART1_UART_Init-USART1-false-HAL-true,4-MX_FSMC_Init-FSMC-false-HAL-true,5-MX_TIM2_Init-TIM2-false-HAL-true,6-MX_CRC_Init-CRC-false-HAL-true
RCC.48MHZClocksFreq_Value=84000000
RCC.AHBFreq_Value=168000000
RCC.APB1CLKDivider=RCC_HCLK_DIV4
RCC.APB1Freq_Value=42000000
RCC.APB1TimFreq_Value=84000000
RCC.APB2CLKDivider=RCC_HCLK_DIV2
RCC.APB2Freq_Value=84000000
RCC.APB2TimFreq_Value=168000000
RCC.CortexFreq_Value=168000000
RCC.EthernetFreq_Value=168000000
RCC.FCLKCortexFreq_Value=168000000
RCC.FamilyName=M
RCC.HCLKFreq_Value=168000000
RCC.HSE_VALUE=25000000
RCC.HSI_VALUE=16000000
RCC.I2SClocksFreq_Value=192000000
RCC.IPParameters=48MHZClocksFreq_Value,AHBFreq_Value,APB1CLKDivider,APB1Freq_Value,APB1TimFreq_Value,APB2CLKDivider,APB2Freq_Value,APB2TimFreq_Value,CortexFreq_Value,EthernetFreq_Value,FCLKCortexFreq_Value,FamilyName,HCLKFreq_Value,HSE_VALUE,HSI_VALUE,I2SClocksFreq_Value,LSE_VALUE,LSI_VALUE,MCO2PinFreq_Value,PLLCLKFreq_Value,PLLM,PLLN,PLLQCLKFreq_Value,RTCFreq_Value,RTCHSEDivFreq_Value,SYSCLKFreq_VALUE,SYSCLKSource,VCOI2SOutputFreq_Value,VCOInputFreq_Value,VCOOutputFreq_Value,VcooutputI2S
RCC.LSE_VALUE=32768
RCC.LSI_VALUE=32000
RCC.MCO2PinFreq_Value=168000000
RCC.PLLCLKFreq_Value=168000000
RCC.PLLM=8
RCC.PLLN=168
RCC.PLLQCLKFreq_Value=84000000
RCC.RTCFreq_Value=32000
RCC.RTCHSEDivFreq_Value=12500000
RCC.SYSCLKFreq_VALUE=168000000
RCC.SYSCLKSource=RCC_SYSCLKSOURCE_PLLCLK
RCC.VCOI2SOutputFreq_Value=384000000
RCC.VCOInputFreq_Value=2000000
RCC.VCOOutputFreq_Value=336000000
RCC.VcooutputI2S=192000000
SH.FSMC_A6.0=FSMC_A6,A6_1
SH.FSMC_A6.ConfNb=1
SH.FSMC_D0_DA0.0=FSMC_D0,16b-d1
SH.FSMC_D0_DA0.ConfNb=1
SH.FSMC_D10_DA10.0=FSMC_D10,16b-d1
SH.FSMC_D10_DA10.ConfNb=1
SH.FSMC_D11_DA11.0=FSMC_D11,16b-d1
SH.FSMC_D11_DA11.ConfNb=1
SH.FSMC_D12_DA12.0=FSMC_D12,16b-d1
SH.FSMC_D12_DA12.ConfNb=1
SH.FSMC_D13_DA13.0=FSMC_D13,16b-d1
SH.FSMC_D13_DA13.ConfNb=1
SH.FSMC_D14_DA14.0=FSMC_D14,16b-d1
SH.FSMC_D14_DA14.ConfNb=1
SH.FSMC_D15_DA15.0=FSMC_D15,16b-d1
SH.FSMC_D15_DA15.ConfNb=1
SH.FSMC_D1_DA1.0=FSMC_D1,16b-d1
SH.FSMC_D1_DA1.ConfNb=1
SH.FSMC_D2_DA2.0=FSMC_D2,16b-d1
SH.FSMC_D2_DA2.ConfNb=1
SH.FSMC_D3_DA3.0=FSMC_D3,16b-d1
SH.FSMC_D3_DA3.ConfNb=1
SH.FSMC_D4_DA4.0=FSMC_D4,16b-d1
SH.FSMC_D4_DA4.ConfNb=1
SH.FSMC_D5_DA5.0=FSMC_D5,16b-d1
SH.FSMC_D5_DA5.ConfNb=1
SH.FSMC_D6_DA6.0=FSMC_D6,16b-d1
SH.FSMC_D6_DA6.ConfNb=1
SH.FSMC_D7_DA7.0=FSMC_D7,16b-d1
SH.FSMC_D7_DA7.ConfNb=1
SH.FSMC_D8_DA8.0=FSMC_D8,16b-d1
SH.FSMC_D8_DA8.ConfNb=1
SH.FSMC_D9_DA9.0=FSMC_D9,16b-d1
SH.FSMC_D9_DA9.ConfNb=1
SH.FSMC_NOE.0=FSMC_NOE,Lcd1
SH.FSMC_NOE.ConfNb=1
SH.FSMC_NWE.0=FSMC_NWE,Lcd1
SH.FSMC_NWE.ConfNb=1
STMicroelectronics.X-CUBE-AI.8.1.0.ActivationBufferSizeList=57152
STMicroelectronics.X-CUBE-AI.8.1.0.ActivationBuffers=pool0
STMicroelectronics.X-CUBE-AI.8.1.0.ActivationNames=pool0
STMicroelectronics.X-CUBE-AI.8.1.0.ActivationSizes=AI_NETWORK_DATA_ACTIVATION_1_SIZE
STMicroelectronics.X-CUBE-AI.8.1.0.ArtificialOoIntelligenceJjXAaCUBEAaAI_Checked=true
STMicroelectronics.X-CUBE-AI.8.1.0.HeapSize=0x800
STMicroelectronics.X-CUBE-AI.8.1.0.IPParameters=HeapSize,StackSize,ModelName-e3d792aa11943321f5295016e05037dad52c02e9f5a67bd2e8513bfc6009c321,ModelType-e3d792aa11943321f5295016e05037dad52c02e9f5a67bd2e8513bfc6009c321,ModelKind-e3d792aa11943321f5295016e05037dad52c02e9f5a67bd2e8513bfc6009c321,ModelCompression-e3d792aa11943321f5295016e05037dad52c02e9f5a67bd2e8513bfc6009c321,ModelHashList,ModelNameList,WorkingBufferStartAddrList,LatestDirectoryUsed-e3d792aa11943321f5295016e05037dad52c02e9f5a67bd2e8513bfc6009c321,ModelStructureFile-e3d792aa11943321f5295016e05037dad52c02e9f5a67bd2e8513bfc6009c321,ModelMacc-e3d792aa11943321f5295016e05037dad52c02e9f5a67bd2e8513bfc6009c321,ModelActualCompression-e3d792aa11943321f5295016e05037dad52c02e9f5a67bd2e8513bfc6009c321,ModelRamOccupation-e3d792aa11943321f5295016e05037dad52c02e9f5a67bd2e8513bfc6009c321,ModelFlashOccupation-e3d792aa11943321f5295016e05037dad52c02e9f5a67bd2e8513bfc6009c321,copyWeightToRam,useInputAllocation,useOutputAllocation,customLayerConfigEnabled,noOnnxIoTranspose,ActivationBuffers,ActivationSizes,ActivationNames,InternalRamActivationBufferMaxSize,ActivationBufferSizeList,MaximumNumberOfInputLayer,MaximumNumberOfOutputLayer,MaximumSizeOfInputLayer,MaximumSizeOfOutputLayer,ReadyForCodeGeneration,XAaCUBEAaAICcArtificialOoIntelligenceJjCore
STMicroelectronics.X-CUBE-AI.8.1.0.InternalRamActivationBufferMaxSize=AI_NETWORK_DATA_ACTIVATIONS_SIZE
STMicroelectronics.X-CUBE-AI.8.1.0.LatestDirectoryUsed-e3d792aa11943321f5295016e05037dad52c02e9f5a67bd2e8513bfc6009c321=D\:\\pytorch_project\\numbers\\numbers
STMicroelectronics.X-CUBE-AI.8.1.0.MaximumNumberOfInputLayer=1
STMicroelectronics.X-CUBE-AI.8.1.0.MaximumNumberOfOutputLayer=1
STMicroelectronics.X-CUBE-AI.8.1.0.MaximumSizeOfInputLayer=1
STMicroelectronics.X-CUBE-AI.8.1.0.MaximumSizeOfOutputLayer=1
STMicroelectronics.X-CUBE-AI.8.1.0.ModelActualCompression-e3d792aa11943321f5295016e05037dad52c02e9f5a67bd2e8513bfc6009c321=3.407177
STMicroelectronics.X-CUBE-AI.8.1.0.ModelCompression-e3d792aa11943321f5295016e05037dad52c02e9f5a67bd2e8513bfc6009c321=Low
STMicroelectronics.X-CUBE-AI.8.1.0.ModelFlashOccupation-e3d792aa11943321f5295016e05037dad52c02e9f5a67bd2e8513bfc6009c321=517010
STMicroelectronics.X-CUBE-AI.8.1.0.ModelHashList=e3d792aa11943321f5295016e05037dad52c02e9f5a67bd2e8513bfc6009c321
STMicroelectronics.X-CUBE-AI.8.1.0.ModelKind-e3d792aa11943321f5295016e05037dad52c02e9f5a67bd2e8513bfc6009c321=ONNX
STMicroelectronics.X-CUBE-AI.8.1.0.ModelMacc-e3d792aa11943321f5295016e05037dad52c02e9f5a67bd2e8513bfc6009c321=2364784
STMicroelectronics.X-CUBE-AI.8.1.0.ModelName-e3d792aa11943321f5295016e05037dad52c02e9f5a67bd2e8513bfc6009c321=network
STMicroelectronics.X-CUBE-AI.8.1.0.ModelNameList=network
STMicroelectronics.X-CUBE-AI.8.1.0.ModelRamOccupation-e3d792aa11943321f5295016e05037dad52c02e9f5a67bd2e8513bfc6009c321=57152
STMicroelectronics.X-CUBE-AI.8.1.0.ModelStructureFile-e3d792aa11943321f5295016e05037dad52c02e9f5a67bd2e8513bfc6009c321=D\:\\pytorch_project\\numbers\\numbers\\net.onnx
STMicroelectronics.X-CUBE-AI.8.1.0.ModelType-e3d792aa11943321f5295016e05037dad52c02e9f5a67bd2e8513bfc6009c321=Saved model
STMicroelectronics.X-CUBE-AI.8.1.0.ReadyForCodeGeneration=true
STMicroelectronics.X-CUBE-AI.8.1.0.StackSize=0x800
STMicroelectronics.X-CUBE-AI.8.1.0.WorkingBufferStartAddrList=0xFFFFFFFF
STMicroelectronics.X-CUBE-AI.8.1.0.XAaCUBEAaAICcArtificialOoIntelligenceJjCore=true
STMicroelectronics.X-CUBE-AI.8.1.0.copyWeightToRam=false
STMicroelectronics.X-CUBE-AI.8.1.0.customLayerConfigEnabled=false
STMicroelectronics.X-CUBE-AI.8.1.0.noOnnxIoTranspose=false
STMicroelectronics.X-CUBE-AI.8.1.0.useInputAllocation=true
STMicroelectronics.X-CUBE-AI.8.1.0.useOutputAllocation=true
STMicroelectronics.X-CUBE-AI.8.1.0_SwParameter=XAaCUBEAaAICcArtificialOoIntelligenceJjCore\:true;
TIM2.IPParameters=Prescaler,Period
TIM2.Period=9999
TIM2.Prescaler=8399
USART1.IPParameters=VirtualMode
USART1.VirtualMode=VM_ASYNC
VP_CRC_VS_CRC.Mode=CRC_Activate
VP_CRC_VS_CRC.Signal=CRC_VS_CRC
VP_STMicroelectronics.X-CUBE-AI_VS_ArtificialOoIntelligenceJjXAaCUBEAaAI_8.1.0.Mode=ArtificialOoIntelligenceJjXAaCUBEAaAI
VP_STMicroelectronics.X-CUBE-AI_VS_ArtificialOoIntelligenceJjXAaCUBEAaAI_8.1.0.Signal=STMicroelectronics.X-CUBE-AI_VS_ArtificialOoIntelligenceJjXAaCUBEAaAI_8.1.0
VP_SYS_VS_Systick.Mode=SysTick
VP_SYS_VS_Systick.Signal=SYS_VS_Systick
VP_TIM2_VS_ClockSourceINT.Mode=Internal
VP_TIM2_VS_ClockSourceINT.Signal=TIM2_VS_ClockSourceINT
board=custom
